
Microsoft Visual Studio Solution File, Format Version 12.00
# Visual Studio Version 16
VisualStudioVersion = 16.0.29306.81
MinimumVisualStudioVersion = 10.0.40219.1
Project("{FAE04EC0-301F-11D3-BF4B-00C04F79EFBC}") = "LibraryManagement", "LibraryManagement\LibraryManagement.csproj", "{07D63ED8-7527-4A0E-8EBE-CBAAB9FCC48B}"
EndProject
Global
	GlobalSection(SolutionConfigurationPlatforms) = preSolution
		Debug|Any CPU = Debug|Any CPU
		Release|Any CPU = Release|Any CPU
	EndGlobalSection
	GlobalSection(ProjectConfigurationPlatforms) = postSolution
		{07D63ED8-7527-4A0E-8EBE-CBAAB9FCC48B}.Debug|Any CPU.ActiveCfg = Debug|Any CPU
		{07D63ED8-7527-4A0E-8EBE-CBAAB9FCC48B}.Debug|Any CPU.Build.0 = Debug|Any CPU
		{07D63ED8-7527-4A0E-8EBE-CBAAB9FCC48B}.Release|Any CPU.ActiveCfg = Release|Any CPU
		{07D63ED8-7527-4A0E-8EBE-CBAAB9FCC48B}.Release|Any CPU.Build.0 = Release|Any CPU
	EndGlobalSection
	GlobalSection(SolutionProperties) = preSolution
		HideSolutionNode = FALSE
	EndGlobalSection
	GlobalSection(ExtensibilityGlobals) = postSolution
		SolutionGuid = {00A84942-1B0F-4B1E-8AFD-571228241A9C}
	EndGlobalSection
EndGlobal
